// !$*UTF8*$!
{
	archiveVersion = 1;
	classes = {
	};
	objectVersion = 51;
	objects = {

/* Begin PBXBuildFile section */
		03C8072B1EB3719FE5E6BA6B /* Pods_Pregnancy_risk_checkerTests.framework in Frameworks */ = {isa = PBXBuildFile; fileRef = A7362076A4D941422D60151E /* Pods_Pregnancy_risk_checkerTests.framework */; };
		180686E425A5906E00297E06 /* AppFunctions.swift in Sources */ = {isa = PBXBuildFile; fileRef = 180686E125A5906D00297E06 /* AppFunctions.swift */; };
		180686E525A5906E00297E06 /* AppExtensions.swift in Sources */ = {isa = PBXBuildFile; fileRef = 180686E225A5906D00297E06 /* AppExtensions.swift */; };
		180686E625A5906E00297E06 /* ImagePicker.swift in Sources */ = {isa = PBXBuildFile; fileRef = 180686E325A5906E00297E06 /* ImagePicker.swift */; };
		1827BA5D25A4870700D2EE9C /* AppDelegate.swift in Sources */ = {isa = PBXBuildFile; fileRef = 1827BA5C25A4870700D2EE9C /* AppDelegate.swift */; };
		1827BA6125A4870700D2EE9C /* ViewController.swift in Sources */ = {isa = PBXBuildFile; fileRef = 1827BA6025A4870700D2EE9C /* ViewController.swift */; };
		1827BA6425A4870700D2EE9C /* Main.storyboard in Resources */ = {isa = PBXBuildFile; fileRef = 1827BA6225A4870700D2EE9C /* Main.storyboard */; };
		1827BA6625A4870A00D2EE9C /* Assets.xcassets in Resources */ = {isa = PBXBuildFile; fileRef = 1827BA6525A4870A00D2EE9C /* Assets.xcassets */; };
		1827BA6925A4870A00D2EE9C /* LaunchScreen.storyboard in Resources */ = {isa = PBXBuildFile; fileRef = 1827BA6725A4870A00D2EE9C /* LaunchScreen.storyboard */; };
		1827BA7425A4870A00D2EE9C /* Pregnancy_risk_checkerTests.swift in Sources */ = {isa = PBXBuildFile; fileRef = 1827BA7325A4870A00D2EE9C /* Pregnancy_risk_checkerTests.swift */; };
		1827BA7F25A4870A00D2EE9C /* Pregnancy_risk_checkerUITests.swift in Sources */ = {isa = PBXBuildFile; fileRef = 1827BA7E25A4870A00D2EE9C /* Pregnancy_risk_checkerUITests.swift */; };
		1827BA9825A4899400D2EE9C /* Auth.storyboard in Resources */ = {isa = PBXBuildFile; fileRef = 1827BA9725A4899400D2EE9C /* Auth.storyboard */; };
		1827BA9B25A48C8300D2EE9C /* SignInVC.swift in Sources */ = {isa = PBXBuildFile; fileRef = 1827BA9A25A48C8300D2EE9C /* SignInVC.swift */; };
		1827BA9D25A48C9100D2EE9C /* SignUpVC.swift in Sources */ = {isa = PBXBuildFile; fileRef = 1827BA9C25A48C9100D2EE9C /* SignUpVC.swift */; };
		1827BA9F25A48EE600D2EE9C /* Home.storyboard in Resources */ = {isa = PBXBuildFile; fileRef = 1827BA9E25A48EE600D2EE9C /* Home.storyboard */; };
		1827BAA125A4905900D2EE9C /* ForgotPasswordVC.swift in Sources */ = {isa = PBXBuildFile; fileRef = 1827BAA025A4905900D2EE9C /* ForgotPasswordVC.swift */; };
		1827BAA425A4908E00D2EE9C /* TabBarVC.swift in Sources */ = {isa = PBXBuildFile; fileRef = 1827BAA325A4908E00D2EE9C /* TabBarVC.swift */; };
		1827BAA625A490AE00D2EE9C /* HomeVC.swift in Sources */ = {isa = PBXBuildFile; fileRef = 1827BAA525A490AE00D2EE9C /* HomeVC.swift */; };
		1827BAA825A490BE00D2EE9C /* FeedBackVC.swift in Sources */ = {isa = PBXBuildFile; fileRef = 1827BAA725A490BE00D2EE9C /* FeedBackVC.swift */; };
		1827BAAA25A490CD00D2EE9C /* FundsVC.swift in Sources */ = {isa = PBXBuildFile; fileRef = 1827BAA925A490CD00D2EE9C /* FundsVC.swift */; };
		1827BAAC25A490E900D2EE9C /* SettingVC.swift in Sources */ = {isa = PBXBuildFile; fileRef = 1827BAAB25A490E900D2EE9C /* SettingVC.swift */; };
		1827BAAF25A4910E00D2EE9C /* ProfileVC.swift in Sources */ = {isa = PBXBuildFile; fileRef = 1827BAAE25A4910E00D2EE9C /* ProfileVC.swift */; };
		1827BAB125A4911F00D2EE9C /* EditProfileVC.swift in Sources */ = {isa = PBXBuildFile; fileRef = 1827BAB025A4911F00D2EE9C /* EditProfileVC.swift */; };
		18833ED525A57A9300390BFE /* AFWrapperClass.swift in Sources */ = {isa = PBXBuildFile; fileRef = 18833ED125A57A9300390BFE /* AFWrapperClass.swift */; };
		18833ED625A57A9300390BFE /* Constant.swift in Sources */ = {isa = PBXBuildFile; fileRef = 18833ED225A57A9300390BFE /* Constant.swift */; };
		18833ED725A57A9300390BFE /* Reachability.swift in Sources */ = {isa = PBXBuildFile; fileRef = 18833ED325A57A9300390BFE /* Reachability.swift */; };
		18833EDB25A57AC600390BFE /* ChangeBottamColor.swift in Sources */ = {isa = PBXBuildFile; fileRef = 18833ED825A57AC600390BFE /* ChangeBottamColor.swift */; };
		18833EDC25A57AC600390BFE /* HelperMethods.swift in Sources */ = {isa = PBXBuildFile; fileRef = 18833ED925A57AC600390BFE /* HelperMethods.swift */; };
		18833EDD25A57AC600390BFE /* Activityloader.swift in Sources */ = {isa = PBXBuildFile; fileRef = 18833EDA25A57AC600390BFE /* Activityloader.swift */; };
		18833EE125A57ADA00390BFE /* ValidationManager.swift in Sources */ = {isa = PBXBuildFile; fileRef = 18833EDE25A57ADA00390BFE /* ValidationManager.swift */; };
		18833EE225A57ADA00390BFE /* AppConstants.swift in Sources */ = {isa = PBXBuildFile; fileRef = 18833EDF25A57ADA00390BFE /* AppConstants.swift */; };
		18833EE325A57ADA00390BFE /* DisplayAlertManager.swift in Sources */ = {isa = PBXBuildFile; fileRef = 18833EE025A57ADA00390BFE /* DisplayAlertManager.swift */; };
		873B5076B6124DD14A3BA971 /* Pods_Pregnancy_risk_checker_Pregnancy_risk_checkerUITests.framework in Frameworks */ = {isa = PBXBuildFile; fileRef = 671EE0B9F364F87B15DC5052 /* Pods_Pregnancy_risk_checker_Pregnancy_risk_checkerUITests.framework */; };
		B7B0B3C3306851B24E3FC96B /* Pods_Pregnancy_risk_checker.framework in Frameworks */ = {isa = PBXBuildFile; fileRef = C4AFC80F5C665D2DFCDBEBBD /* Pods_Pregnancy_risk_checker.framework */; };
/* End PBXBuildFile section */

/* Begin PBXContainerItemProxy section */
		1827BA7025A4870A00D2EE9C /* PBXContainerItemProxy */ = {
			isa = PBXContainerItemProxy;
			containerPortal = 1827BA5125A4870700D2EE9C /* Project object */;
			proxyType = 1;
			remoteGlobalIDString = 1827BA5825A4870700D2EE9C;
			remoteInfo = "Pregnancy risk checker";
		};
		1827BA7B25A4870A00D2EE9C /* PBXContainerItemProxy */ = {
			isa = PBXContainerItemProxy;
			containerPortal = 1827BA5125A4870700D2EE9C /* Project object */;
			proxyType = 1;
			remoteGlobalIDString = 1827BA5825A4870700D2EE9C;
			remoteInfo = "Pregnancy risk checker";
		};
/* End PBXContainerItemProxy section */

/* Begin PBXFileReference section */
		180686E125A5906D00297E06 /* AppFunctions.swift */ = {isa = PBXFileReference; fileEncoding = 4; lastKnownFileType = sourcecode.swift; path = AppFunctions.swift; sourceTree = "<group>"; };
		180686E225A5906D00297E06 /* AppExtensions.swift */ = {isa = PBXFileReference; fileEncoding = 4; lastKnownFileType = sourcecode.swift; path = AppExtensions.swift; sourceTree = "<group>"; };
		180686E325A5906E00297E06 /* ImagePicker.swift */ = {isa = PBXFileReference; fileEncoding = 4; lastKnownFileType = sourcecode.swift; path = ImagePicker.swift; sourceTree = "<group>"; };
		180686E725A59FCA00297E06 /* LATO-MEDIUMITALIC.TTF */ = {isa = PBXFileReference; lastKnownFileType = file; path = "LATO-MEDIUMITALIC.TTF"; sourceTree = "<group>"; };
		180686E825A59FCA00297E06 /* LATO-THINITALIC.TTF */ = {isa = PBXFileReference; lastKnownFileType = file; path = "LATO-THINITALIC.TTF"; sourceTree = "<group>"; };
		180686E925A59FCA00297E06 /* LATO-BOLDITALIC.TTF */ = {isa = PBXFileReference; lastKnownFileType = file; path = "LATO-BOLDITALIC.TTF"; sourceTree = "<group>"; };
		180686EA25A59FCA00297E06 /* LATO-HEAVYITALIC.TTF */ = {isa = PBXFileReference; lastKnownFileType = file; path = "LATO-HEAVYITALIC.TTF"; sourceTree = "<group>"; };
		180686EB25A59FCB00297E06 /* LATO-REGULAR.TTF */ = {isa = PBXFileReference; lastKnownFileType = file; path = "LATO-REGULAR.TTF"; sourceTree = "<group>"; };
		180686EC25A59FCB00297E06 /* LATO-BLACKITALIC.TTF */ = {isa = PBXFileReference; lastKnownFileType = file; path = "LATO-BLACKITALIC.TTF"; sourceTree = "<group>"; };
		180686ED25A59FCB00297E06 /* LATO-BLACK.TTF */ = {isa = PBXFileReference; lastKnownFileType = file; path = "LATO-BLACK.TTF"; sourceTree = "<group>"; };
		180686EE25A59FCB00297E06 /* LATO-HEAVY.TTF */ = {isa = PBXFileReference; lastKnownFileType = file; path = "LATO-HEAVY.TTF"; sourceTree = "<group>"; };
		180686EF25A59FCB00297E06 /* LATO-LIGHTITALIC.TTF */ = {isa = PBXFileReference; lastKnownFileType = file; path = "LATO-LIGHTITALIC.TTF"; sourceTree = "<group>"; };
		180686F025A59FCB00297E06 /* LATO-BOLD.TTF */ = {isa = PBXFileReference; lastKnownFileType = file; path = "LATO-BOLD.TTF"; sourceTree = "<group>"; };
		180686F125A59FCB00297E06 /* LATO-SEMIBOLDITALIC.TTF */ = {isa = PBXFileReference; lastKnownFileType = file; path = "LATO-SEMIBOLDITALIC.TTF"; sourceTree = "<group>"; };
		180686F225A59FCB00297E06 /* LATO-THIN.TTF */ = {isa = PBXFileReference; lastKnownFileType = file; path = "LATO-THIN.TTF"; sourceTree = "<group>"; };
		180686F325A59FCC00297E06 /* LATO-SEMIBOLD.TTF */ = {isa = PBXFileReference; lastKnownFileType = file; path = "LATO-SEMIBOLD.TTF"; sourceTree = "<group>"; };
		180686F425A59FCC00297E06 /* LATO-MEDIUM.TTF */ = {isa = PBXFileReference; lastKnownFileType = file; path = "LATO-MEDIUM.TTF"; sourceTree = "<group>"; };
		180686F525A59FCC00297E06 /* LATO-LIGHT.TTF */ = {isa = PBXFileReference; lastKnownFileType = file; path = "LATO-LIGHT.TTF"; sourceTree = "<group>"; };
		180686F625A59FCC00297E06 /* LATO-ITALIC.TTF */ = {isa = PBXFileReference; lastKnownFileType = file; path = "LATO-ITALIC.TTF"; sourceTree = "<group>"; };
		1827BA5925A4870700D2EE9C /* Pregnancy risk checker.app */ = {isa = PBXFileReference; explicitFileType = wrapper.application; includeInIndex = 0; path = "Pregnancy risk checker.app"; sourceTree = BUILT_PRODUCTS_DIR; };
		1827BA5C25A4870700D2EE9C /* AppDelegate.swift */ = {isa = PBXFileReference; lastKnownFileType = sourcecode.swift; path = AppDelegate.swift; sourceTree = "<group>"; };
		1827BA6025A4870700D2EE9C /* ViewController.swift */ = {isa = PBXFileReference; lastKnownFileType = sourcecode.swift; path = ViewController.swift; sourceTree = "<group>"; };
		1827BA6325A4870700D2EE9C /* Base */ = {isa = PBXFileReference; lastKnownFileType = file.storyboard; name = Base; path = Base.lproj/Main.storyboard; sourceTree = "<group>"; };
		1827BA6525A4870A00D2EE9C /* Assets.xcassets */ = {isa = PBXFileReference; lastKnownFileType = folder.assetcatalog; path = Assets.xcassets; sourceTree = "<group>"; };
		1827BA6825A4870A00D2EE9C /* Base */ = {isa = PBXFileReference; lastKnownFileType = file.storyboard; name = Base; path = Base.lproj/LaunchScreen.storyboard; sourceTree = "<group>"; };
		1827BA6A25A4870A00D2EE9C /* Info.plist */ = {isa = PBXFileReference; lastKnownFileType = text.plist.xml; path = Info.plist; sourceTree = "<group>"; };
		1827BA6F25A4870A00D2EE9C /* Pregnancy risk checkerTests.xctest */ = {isa = PBXFileReference; explicitFileType = wrapper.cfbundle; includeInIndex = 0; path = "Pregnancy risk checkerTests.xctest"; sourceTree = BUILT_PRODUCTS_DIR; };
		1827BA7325A4870A00D2EE9C /* Pregnancy_risk_checkerTests.swift */ = {isa = PBXFileReference; lastKnownFileType = sourcecode.swift; path = Pregnancy_risk_checkerTests.swift; sourceTree = "<group>"; };
		1827BA7525A4870A00D2EE9C /* Info.plist */ = {isa = PBXFileReference; lastKnownFileType = text.plist.xml; path = Info.plist; sourceTree = "<group>"; };
		1827BA7A25A4870A00D2EE9C /* Pregnancy risk checkerUITests.xctest */ = {isa = PBXFileReference; explicitFileType = wrapper.cfbundle; includeInIndex = 0; path = "Pregnancy risk checkerUITests.xctest"; sourceTree = BUILT_PRODUCTS_DIR; };
		1827BA7E25A4870A00D2EE9C /* Pregnancy_risk_checkerUITests.swift */ = {isa = PBXFileReference; lastKnownFileType = sourcecode.swift; path = Pregnancy_risk_checkerUITests.swift; sourceTree = "<group>"; };
		1827BA8025A4870B00D2EE9C /* Info.plist */ = {isa = PBXFileReference; lastKnownFileType = text.plist.xml; path = Info.plist; sourceTree = "<group>"; };
		1827BA9725A4899400D2EE9C /* Auth.storyboard */ = {isa = PBXFileReference; lastKnownFileType = file.storyboard; path = Auth.storyboard; sourceTree = "<group>"; };
		1827BA9A25A48C8300D2EE9C /* SignInVC.swift */ = {isa = PBXFileReference; lastKnownFileType = sourcecode.swift; path = SignInVC.swift; sourceTree = "<group>"; };
		1827BA9C25A48C9100D2EE9C /* SignUpVC.swift */ = {isa = PBXFileReference; lastKnownFileType = sourcecode.swift; path = SignUpVC.swift; sourceTree = "<group>"; };
		1827BA9E25A48EE600D2EE9C /* Home.storyboard */ = {isa = PBXFileReference; lastKnownFileType = file.storyboard; path = Home.storyboard; sourceTree = "<group>"; };
		1827BAA025A4905900D2EE9C /* ForgotPasswordVC.swift */ = {isa = PBXFileReference; lastKnownFileType = sourcecode.swift; path = ForgotPasswordVC.swift; sourceTree = "<group>"; };
		1827BAA325A4908E00D2EE9C /* TabBarVC.swift */ = {isa = PBXFileReference; lastKnownFileType = sourcecode.swift; path = TabBarVC.swift; sourceTree = "<group>"; };
		1827BAA525A490AE00D2EE9C /* HomeVC.swift */ = {isa = PBXFileReference; lastKnownFileType = sourcecode.swift; path = HomeVC.swift; sourceTree = "<group>"; };
		1827BAA725A490BE00D2EE9C /* FeedBackVC.swift */ = {isa = PBXFileReference; lastKnownFileType = sourcecode.swift; path = FeedBackVC.swift; sourceTree = "<group>"; };
		1827BAA925A490CD00D2EE9C /* FundsVC.swift */ = {isa = PBXFileReference; lastKnownFileType = sourcecode.swift; path = FundsVC.swift; sourceTree = "<group>"; };
		1827BAAB25A490E900D2EE9C /* SettingVC.swift */ = {isa = PBXFileReference; lastKnownFileType = sourcecode.swift; path = SettingVC.swift; sourceTree = "<group>"; };
		1827BAAE25A4910E00D2EE9C /* ProfileVC.swift */ = {isa = PBXFileReference; lastKnownFileType = sourcecode.swift; path = ProfileVC.swift; sourceTree = "<group>"; };
		1827BAB025A4911F00D2EE9C /* EditProfileVC.swift */ = {isa = PBXFileReference; lastKnownFileType = sourcecode.swift; path = EditProfileVC.swift; sourceTree = "<group>"; };
		18833ED125A57A9300390BFE /* AFWrapperClass.swift */ = {isa = PBXFileReference; fileEncoding = 4; lastKnownFileType = sourcecode.swift; path = AFWrapperClass.swift; sourceTree = "<group>"; };
		18833ED225A57A9300390BFE /* Constant.swift */ = {isa = PBXFileReference; fileEncoding = 4; lastKnownFileType = sourcecode.swift; path = Constant.swift; sourceTree = "<group>"; };
		18833ED325A57A9300390BFE /* Reachability.swift */ = {isa = PBXFileReference; fileEncoding = 4; lastKnownFileType = sourcecode.swift; path = Reachability.swift; sourceTree = "<group>"; };
		18833ED825A57AC600390BFE /* ChangeBottamColor.swift */ = {isa = PBXFileReference; fileEncoding = 4; lastKnownFileType = sourcecode.swift; path = ChangeBottamColor.swift; sourceTree = "<group>"; };
		18833ED925A57AC600390BFE /* HelperMethods.swift */ = {isa = PBXFileReference; fileEncoding = 4; lastKnownFileType = sourcecode.swift; path = HelperMethods.swift; sourceTree = "<group>"; };
		18833EDA25A57AC600390BFE /* Activityloader.swift */ = {isa = PBXFileReference; fileEncoding = 4; lastKnownFileType = sourcecode.swift; path = Activityloader.swift; sourceTree = "<group>"; };
		18833EDE25A57ADA00390BFE /* ValidationManager.swift */ = {isa = PBXFileReference; fileEncoding = 4; lastKnownFileType = sourcecode.swift; path = ValidationManager.swift; sourceTree = "<group>"; };
		18833EDF25A57ADA00390BFE /* AppConstants.swift */ = {isa = PBXFileReference; fileEncoding = 4; lastKnownFileType = sourcecode.swift; path = AppConstants.swift; sourceTree = "<group>"; };
		18833EE025A57ADA00390BFE /* DisplayAlertManager.swift */ = {isa = PBXFileReference; fileEncoding = 4; lastKnownFileType = sourcecode.swift; path = DisplayAlertManager.swift; sourceTree = "<group>"; };
		1B4FCD98864F22E088068B5C /* Pods-Pregnancy risk checker-Pregnancy risk checkerUITests.release.xcconfig */ = {isa = PBXFileReference; includeInIndex = 1; lastKnownFileType = text.xcconfig; name = "Pods-Pregnancy risk checker-Pregnancy risk checkerUITests.release.xcconfig"; path = "Target Support Files/Pods-Pregnancy risk checker-Pregnancy risk checkerUITests/Pods-Pregnancy risk checker-Pregnancy risk checkerUITests.release.xcconfig"; sourceTree = "<group>"; };
		3C44850C55A4B0B6A5986B28 /* Pods-Pregnancy risk checkerTests.debug.xcconfig */ = {isa = PBXFileReference; includeInIndex = 1; lastKnownFileType = text.xcconfig; name = "Pods-Pregnancy risk checkerTests.debug.xcconfig"; path = "Target Support Files/Pods-Pregnancy risk checkerTests/Pods-Pregnancy risk checkerTests.debug.xcconfig"; sourceTree = "<group>"; };
		671EE0B9F364F87B15DC5052 /* Pods_Pregnancy_risk_checker_Pregnancy_risk_checkerUITests.framework */ = {isa = PBXFileReference; explicitFileType = wrapper.framework; includeInIndex = 0; path = Pods_Pregnancy_risk_checker_Pregnancy_risk_checkerUITests.framework; sourceTree = BUILT_PRODUCTS_DIR; };
		9DE452B3230D29B2DC3073F8 /* Pods-Pregnancy risk checker-Pregnancy risk checkerUITests.debug.xcconfig */ = {isa = PBXFileReference; includeInIndex = 1; lastKnownFileType = text.xcconfig; name = "Pods-Pregnancy risk checker-Pregnancy risk checkerUITests.debug.xcconfig"; path = "Target Support Files/Pods-Pregnancy risk checker-Pregnancy risk checkerUITests/Pods-Pregnancy risk checker-Pregnancy risk checkerUITests.debug.xcconfig"; sourceTree = "<group>"; };
		A7362076A4D941422D60151E /* Pods_Pregnancy_risk_checkerTests.framework */ = {isa = PBXFileReference; explicitFileType = wrapper.framework; includeInIndex = 0; path = Pods_Pregnancy_risk_checkerTests.framework; sourceTree = BUILT_PRODUCTS_DIR; };
		A9360D842FFE7062D15A2B8D /* Pods-Pregnancy risk checker.debug.xcconfig */ = {isa = PBXFileReference; includeInIndex = 1; lastKnownFileType = text.xcconfig; name = "Pods-Pregnancy risk checker.debug.xcconfig"; path = "Target Support Files/Pods-Pregnancy risk checker/Pods-Pregnancy risk checker.debug.xcconfig"; sourceTree = "<group>"; };
		ACC835DA3C9763435F29B89A /* Pods-Pregnancy risk checkerTests.release.xcconfig */ = {isa = PBXFileReference; includeInIndex = 1; lastKnownFileType = text.xcconfig; name = "Pods-Pregnancy risk checkerTests.release.xcconfig"; path = "Target Support Files/Pods-Pregnancy risk checkerTests/Pods-Pregnancy risk checkerTests.release.xcconfig"; sourceTree = "<group>"; };
		C4AFC80F5C665D2DFCDBEBBD /* Pods_Pregnancy_risk_checker.framework */ = {isa = PBXFileReference; explicitFileType = wrapper.framework; includeInIndex = 0; path = Pods_Pregnancy_risk_checker.framework; sourceTree = BUILT_PRODUCTS_DIR; };
		CE6761C180E842A0B74EFE9F /* Pods-Pregnancy risk checker.release.xcconfig */ = {isa = PBXFileReference; includeInIndex = 1; lastKnownFileType = text.xcconfig; name = "Pods-Pregnancy risk checker.release.xcconfig"; path = "Target Support Files/Pods-Pregnancy risk checker/Pods-Pregnancy risk checker.release.xcconfig"; sourceTree = "<group>"; };
/* End PBXFileReference section */

/* Begin PBXFrameworksBuildPhase section */
		1827BA5625A4870700D2EE9C /* Frameworks */ = {
			isa = PBXFrameworksBuildPhase;
			buildActionMask = 2147483647;
			files = (
				B7B0B3C3306851B24E3FC96B /* Pods_Pregnancy_risk_checker.framework in Frameworks */,
			);
			runOnlyForDeploymentPostprocessing = 0;
		};
		1827BA6C25A4870A00D2EE9C /* Frameworks */ = {
			isa = PBXFrameworksBuildPhase;
			buildActionMask = 2147483647;
			files = (
				03C8072B1EB3719FE5E6BA6B /* Pods_Pregnancy_risk_checkerTests.framework in Frameworks */,
			);
			runOnlyForDeploymentPostprocessing = 0;
		};
		1827BA7725A4870A00D2EE9C /* Frameworks */ = {
			isa = PBXFrameworksBuildPhase;
			buildActionMask = 2147483647;
			files = (
				873B5076B6124DD14A3BA971 /* Pods_Pregnancy_risk_checker_Pregnancy_risk_checkerUITests.framework in Frameworks */,
			);
			runOnlyForDeploymentPostprocessing = 0;
		};
/* End PBXFrameworksBuildPhase section */

/* Begin PBXGroup section */
		06F7E5FFC310925377F5A784 /* Frameworks */ = {
			isa = PBXGroup;
			children = (
				C4AFC80F5C665D2DFCDBEBBD /* Pods_Pregnancy_risk_checker.framework */,
				671EE0B9F364F87B15DC5052 /* Pods_Pregnancy_risk_checker_Pregnancy_risk_checkerUITests.framework */,
				A7362076A4D941422D60151E /* Pods_Pregnancy_risk_checkerTests.framework */,
			);
			name = Frameworks;
			sourceTree = "<group>";
		};
		1827BA5025A4870700D2EE9C = {
			isa = PBXGroup;
			children = (
				1827BA5B25A4870700D2EE9C /* Pregnancy risk checker */,
				1827BA7225A4870A00D2EE9C /* Pregnancy risk checkerTests */,
				1827BA7D25A4870A00D2EE9C /* Pregnancy risk checkerUITests */,
				1827BA5A25A4870700D2EE9C /* Products */,
				921135D046EE5D062B550980 /* Pods */,
				06F7E5FFC310925377F5A784 /* Frameworks */,
			);
			sourceTree = "<group>";
		};
		1827BA5A25A4870700D2EE9C /* Products */ = {
			isa = PBXGroup;
			children = (
				1827BA5925A4870700D2EE9C /* Pregnancy risk checker.app */,
				1827BA6F25A4870A00D2EE9C /* Pregnancy risk checkerTests.xctest */,
				1827BA7A25A4870A00D2EE9C /* Pregnancy risk checkerUITests.xctest */,
			);
			name = Products;
			sourceTree = "<group>";
		};
		1827BA5B25A4870700D2EE9C /* Pregnancy risk checker */ = {
			isa = PBXGroup;
			children = (
				1827BA8D25A4873200D2EE9C /* App */,
				1827BA8C25A4872A00D2EE9C /* Model */,
				1827BA8F25A4874600D2EE9C /* Views */,
				1827BA9025A4874C00D2EE9C /* Controllers */,
				1827BA9125A4875500D2EE9C /* Resources */,
				1827BA6A25A4870A00D2EE9C /* Info.plist */,
			);
			path = "Pregnancy risk checker";
			sourceTree = "<group>";
		};
		1827BA7225A4870A00D2EE9C /* Pregnancy risk checkerTests */ = {
			isa = PBXGroup;
			children = (
				1827BA7325A4870A00D2EE9C /* Pregnancy_risk_checkerTests.swift */,
				1827BA7525A4870A00D2EE9C /* Info.plist */,
			);
			path = "Pregnancy risk checkerTests";
			sourceTree = "<group>";
		};
		1827BA7D25A4870A00D2EE9C /* Pregnancy risk checkerUITests */ = {
			isa = PBXGroup;
			children = (
				1827BA7E25A4870A00D2EE9C /* Pregnancy_risk_checkerUITests.swift */,
				1827BA8025A4870B00D2EE9C /* Info.plist */,
			);
			path = "Pregnancy risk checkerUITests";
			sourceTree = "<group>";
		};
		1827BA8C25A4872A00D2EE9C /* Model */ = {
			isa = PBXGroup;
			children = (
				1827BA9625A487EF00D2EE9C /* JSON Parsing */,
			);
			path = Model;
			sourceTree = "<group>";
		};
		1827BA8D25A4873200D2EE9C /* App */ = {
			isa = PBXGroup;
			children = (
				1827BA8E25A4873800D2EE9C /* Constant */,
				1827BA9525A487D100D2EE9C /* Formatting */,
				1827BA9425A487C300D2EE9C /* Classes */,
				1827BA9325A487BC00D2EE9C /* Managers */,
			);
			path = App;
			sourceTree = "<group>";
		};
		1827BA8E25A4873800D2EE9C /* Constant */ = {
			isa = PBXGroup;
			children = (
				18833ED125A57A9300390BFE /* AFWrapperClass.swift */,
				18833ED225A57A9300390BFE /* Constant.swift */,
				18833ED325A57A9300390BFE /* Reachability.swift */,
			);
			path = Constant;
			sourceTree = "<group>";
		};
		1827BA8F25A4874600D2EE9C /* Views */ = {
			isa = PBXGroup;
			children = (
				1827BA6225A4870700D2EE9C /* Main.storyboard */,
				1827BA6725A4870A00D2EE9C /* LaunchScreen.storyboard */,
				1827BA9725A4899400D2EE9C /* Auth.storyboard */,
				1827BA9E25A48EE600D2EE9C /* Home.storyboard */,
			);
			path = Views;
			sourceTree = "<group>";
		};
		1827BA9025A4874C00D2EE9C /* Controllers */ = {
			isa = PBXGroup;
			children = (
				1827BAA225A4906300D2EE9C /* TabBar */,
				1827BA9925A48C7300D2EE9C /* Auth */,
				1827BA6025A4870700D2EE9C /* ViewController.swift */,
			);
			path = Controllers;
			sourceTree = "<group>";
		};
		1827BA9125A4875500D2EE9C /* Resources */ = {
			isa = PBXGroup;
			children = (
				1827BA9225A4876A00D2EE9C /* Fonts */,
				1827BA6525A4870A00D2EE9C /* Assets.xcassets */,
			);
			path = Resources;
			sourceTree = "<group>";
		};
		1827BA9225A4876A00D2EE9C /* Fonts */ = {
			isa = PBXGroup;
			children = (
				180686ED25A59FCB00297E06 /* LATO-BLACK.TTF */,
				180686EC25A59FCB00297E06 /* LATO-BLACKITALIC.TTF */,
				180686F025A59FCB00297E06 /* LATO-BOLD.TTF */,
				180686E925A59FCA00297E06 /* LATO-BOLDITALIC.TTF */,
				180686EE25A59FCB00297E06 /* LATO-HEAVY.TTF */,
				180686EA25A59FCA00297E06 /* LATO-HEAVYITALIC.TTF */,
				180686F625A59FCC00297E06 /* LATO-ITALIC.TTF */,
				180686F525A59FCC00297E06 /* LATO-LIGHT.TTF */,
				180686EF25A59FCB00297E06 /* LATO-LIGHTITALIC.TTF */,
				180686F425A59FCC00297E06 /* LATO-MEDIUM.TTF */,
				180686E725A59FCA00297E06 /* LATO-MEDIUMITALIC.TTF */,
				180686EB25A59FCB00297E06 /* LATO-REGULAR.TTF */,
				180686F325A59FCC00297E06 /* LATO-SEMIBOLD.TTF */,
				180686F125A59FCB00297E06 /* LATO-SEMIBOLDITALIC.TTF */,
				180686F225A59FCB00297E06 /* LATO-THIN.TTF */,
				180686E825A59FCA00297E06 /* LATO-THINITALIC.TTF */,
			);
			path = Fonts;
			sourceTree = "<group>";
		};
		1827BA9325A487BC00D2EE9C /* Managers */ = {
			isa = PBXGroup;
			children = (
				18833EDF25A57ADA00390BFE /* AppConstants.swift */,
				18833EE025A57ADA00390BFE /* DisplayAlertManager.swift */,
				18833EDE25A57ADA00390BFE /* ValidationManager.swift */,
			);
			path = Managers;
			sourceTree = "<group>";
		};
		1827BA9425A487C300D2EE9C /* Classes */ = {
			isa = PBXGroup;
			children = (
				180686E225A5906D00297E06 /* AppExtensions.swift */,
				180686E125A5906D00297E06 /* AppFunctions.swift */,
				180686E325A5906E00297E06 /* ImagePicker.swift */,
				1827BA5C25A4870700D2EE9C /* AppDelegate.swift */,
			);
			path = Classes;
			sourceTree = "<group>";
		};
		1827BA9525A487D100D2EE9C /* Formatting */ = {
			isa = PBXGroup;
			children = (
				18833EDA25A57AC600390BFE /* Activityloader.swift */,
				18833ED825A57AC600390BFE /* ChangeBottamColor.swift */,
				18833ED925A57AC600390BFE /* HelperMethods.swift */,
			);
			path = Formatting;
			sourceTree = "<group>";
		};
		1827BA9625A487EF00D2EE9C /* JSON Parsing */ = {
			isa = PBXGroup;
			children = (
			);
			path = "JSON Parsing";
			sourceTree = "<group>";
		};
		1827BA9925A48C7300D2EE9C /* Auth */ = {
			isa = PBXGroup;
			children = (
				1827BA9A25A48C8300D2EE9C /* SignInVC.swift */,
				1827BA9C25A48C9100D2EE9C /* SignUpVC.swift */,
				1827BAA025A4905900D2EE9C /* ForgotPasswordVC.swift */,
			);
			path = Auth;
			sourceTree = "<group>";
		};
		1827BAA225A4906300D2EE9C /* TabBar */ = {
			isa = PBXGroup;
			children = (
				1827BAA325A4908E00D2EE9C /* TabBarVC.swift */,
				1827BAA525A490AE00D2EE9C /* HomeVC.swift */,
				1827BAA725A490BE00D2EE9C /* FeedBackVC.swift */,
				1827BAA925A490CD00D2EE9C /* FundsVC.swift */,
				1827BAAB25A490E900D2EE9C /* SettingVC.swift */,
				1827BAAD25A490ED00D2EE9C /* Setting */,
			);
			path = TabBar;
			sourceTree = "<group>";
		};
		1827BAAD25A490ED00D2EE9C /* Setting */ = {
			isa = PBXGroup;
			children = (
				1827BAAE25A4910E00D2EE9C /* ProfileVC.swift */,
				1827BAB025A4911F00D2EE9C /* EditProfileVC.swift */,
			);
			path = Setting;
			sourceTree = "<group>";
		};
		921135D046EE5D062B550980 /* Pods */ = {
			isa = PBXGroup;
			children = (
				A9360D842FFE7062D15A2B8D /* Pods-Pregnancy risk checker.debug.xcconfig */,
				CE6761C180E842A0B74EFE9F /* Pods-Pregnancy risk checker.release.xcconfig */,
				9DE452B3230D29B2DC3073F8 /* Pods-Pregnancy risk checker-Pregnancy risk checkerUITests.debug.xcconfig */,
				1B4FCD98864F22E088068B5C /* Pods-Pregnancy risk checker-Pregnancy risk checkerUITests.release.xcconfig */,
				3C44850C55A4B0B6A5986B28 /* Pods-Pregnancy risk checkerTests.debug.xcconfig */,
				ACC835DA3C9763435F29B89A /* Pods-Pregnancy risk checkerTests.release.xcconfig */,
			);
			path = Pods;
			sourceTree = "<group>";
		};
/* End PBXGroup section */

/* Begin PBXNativeTarget section */
		1827BA5825A4870700D2EE9C /* Pregnancy risk checker */ = {
			isa = PBXNativeTarget;
			buildConfigurationList = 1827BA8325A4870B00D2EE9C /* Build configuration list for PBXNativeTarget "Pregnancy risk checker" */;
			buildPhases = (
				B17138151C3D64EE2B9999AC /* [CP] Check Pods Manifest.lock */,
				1827BA5525A4870700D2EE9C /* Sources */,
				1827BA5625A4870700D2EE9C /* Frameworks */,
				1827BA5725A4870700D2EE9C /* Resources */,
				40B9911C99633DEB52AA5E4E /* [CP] Embed Pods Frameworks */,
			);
			buildRules = (
			);
			dependencies = (
			);
			name = "Pregnancy risk checker";
			productName = "Pregnancy risk checker";
			productReference = 1827BA5925A4870700D2EE9C /* Pregnancy risk checker.app */;
			productType = "com.apple.product-type.application";
		};
		1827BA6E25A4870A00D2EE9C /* Pregnancy risk checkerTests */ = {
			isa = PBXNativeTarget;
			buildConfigurationList = 1827BA8625A4870B00D2EE9C /* Build configuration list for PBXNativeTarget "Pregnancy risk checkerTests" */;
			buildPhases = (
				A2E85B1DA6AC5001C4700404 /* [CP] Check Pods Manifest.lock */,
				1827BA6B25A4870A00D2EE9C /* Sources */,
				1827BA6C25A4870A00D2EE9C /* Frameworks */,
				1827BA6D25A4870A00D2EE9C /* Resources */,
			);
			buildRules = (
			);
			dependencies = (
				1827BA7125A4870A00D2EE9C /* PBXTargetDependency */,
			);
			name = "Pregnancy risk checkerTests";
			productName = "Pregnancy risk checkerTests";
			productReference = 1827BA6F25A4870A00D2EE9C /* Pregnancy risk checkerTests.xctest */;
			productType = "com.apple.product-type.bundle.unit-test";
		};
		1827BA7925A4870A00D2EE9C /* Pregnancy risk checkerUITests */ = {
			isa = PBXNativeTarget;
			buildConfigurationList = 1827BA8925A4870B00D2EE9C /* Build configuration list for PBXNativeTarget "Pregnancy risk checkerUITests" */;
			buildPhases = (
				063E13F7C06C300AB7ED854F /* [CP] Check Pods Manifest.lock */,
				1827BA7625A4870A00D2EE9C /* Sources */,
				1827BA7725A4870A00D2EE9C /* Frameworks */,
				1827BA7825A4870A00D2EE9C /* Resources */,
				82C3E6F214F5860CD09824BE /* [CP] Embed Pods Frameworks */,
			);
			buildRules = (
			);
			dependencies = (
				1827BA7C25A4870A00D2EE9C /* PBXTargetDependency */,
			);
			name = "Pregnancy risk checkerUITests";
			productName = "Pregnancy risk checkerUITests";
			productReference = 1827BA7A25A4870A00D2EE9C /* Pregnancy risk checkerUITests.xctest */;
			productType = "com.apple.product-type.bundle.ui-testing";
		};
/* End PBXNativeTarget section */

/* Begin PBXProject section */
		1827BA5125A4870700D2EE9C /* Project object */ = {
			isa = PBXProject;
			attributes = {
				LastSwiftUpdateCheck = 1150;
				LastUpgradeCheck = 1150;
				ORGANIZATIONNAME = Apple;
				TargetAttributes = {
					1827BA5825A4870700D2EE9C = {
						CreatedOnToolsVersion = 11.5;
					};
					1827BA6E25A4870A00D2EE9C = {
						CreatedOnToolsVersion = 11.5;
						TestTargetID = 1827BA5825A4870700D2EE9C;
					};
					1827BA7925A4870A00D2EE9C = {
						CreatedOnToolsVersion = 11.5;
						TestTargetID = 1827BA5825A4870700D2EE9C;
					};
				};
			};
			buildConfigurationList = 1827BA5425A4870700D2EE9C /* Build configuration list for PBXProject "Pregnancy risk checker" */;
			compatibilityVersion = "Xcode 9.3";
			developmentRegion = en;
			hasScannedForEncodings = 0;
			knownRegions = (
				en,
				Base,
			);
			mainGroup = 1827BA5025A4870700D2EE9C;
			productRefGroup = 1827BA5A25A4870700D2EE9C /* Products */;
			projectDirPath = "";
			projectRoot = "";
			targets = (
				1827BA5825A4870700D2EE9C /* Pregnancy risk checker */,
				1827BA6E25A4870A00D2EE9C /* Pregnancy risk checkerTests */,
				1827BA7925A4870A00D2EE9C /* Pregnancy risk checkerUITests */,
			);
		};
/* End PBXProject section */

/* Begin PBXResourcesBuildPhase section */
		1827BA5725A4870700D2EE9C /* Resources */ = {
			isa = PBXResourcesBuildPhase;
			buildActionMask = 2147483647;
			files = (
				1827BA9825A4899400D2EE9C /* Auth.storyboard in Resources */,
				1827BA9F25A48EE600D2EE9C /* Home.storyboard in Resources */,
				1827BA6925A4870A00D2EE9C /* LaunchScreen.storyboard in Resources */,
				1827BA6625A4870A00D2EE9C /* Assets.xcassets in Resources */,
				1827BA6425A4870700D2EE9C /* Main.storyboard in Resources */,
			);
			runOnlyForDeploymentPostprocessing = 0;
		};
		1827BA6D25A4870A00D2EE9C /* Resources */ = {
			isa = PBXResourcesBuildPhase;
			buildActionMask = 2147483647;
			files = (
			);
			runOnlyForDeploymentPostprocessing = 0;
		};
		1827BA7825A4870A00D2EE9C /* Resources */ = {
			isa = PBXResourcesBuildPhase;
			buildActionMask = 2147483647;
			files = (
			);
			runOnlyForDeploymentPostprocessing = 0;
		};
/* End PBXResourcesBuildPhase section */

/* Begin PBXShellScriptBuildPhase section */
		063E13F7C06C300AB7ED854F /* [CP] Check Pods Manifest.lock */ = {
			isa = PBXShellScriptBuildPhase;
			buildActionMask = 2147483647;
			files = (
			);
			inputFileListPaths = (
			);
			inputPaths = (
				"${PODS_PODFILE_DIR_PATH}/Podfile.lock",
				"${PODS_ROOT}/Manifest.lock",
			);
			name = "[CP] Check Pods Manifest.lock";
			outputFileListPaths = (
			);
			outputPaths = (
				"$(DERIVED_FILE_DIR)/Pods-Pregnancy risk checker-Pregnancy risk checkerUITests-checkManifestLockResult.txt",
			);
			runOnlyForDeploymentPostprocessing = 0;
			shellPath = /bin/sh;
			shellScript = "diff \"${PODS_PODFILE_DIR_PATH}/Podfile.lock\" \"${PODS_ROOT}/Manifest.lock\" > /dev/null\nif [ $? != 0 ] ; then\n    # print error to STDERR\n    echo \"error: The sandbox is not in sync with the Podfile.lock. Run 'pod install' or update your CocoaPods installation.\" >&2\n    exit 1\nfi\n# This output is used by Xcode 'outputs' to avoid re-running this script phase.\necho \"SUCCESS\" > \"${SCRIPT_OUTPUT_FILE_0}\"\n";
			showEnvVarsInLog = 0;
		};
		40B9911C99633DEB52AA5E4E /* [CP] Embed Pods Frameworks */ = {
			isa = PBXShellScriptBuildPhase;
			buildActionMask = 2147483647;
			files = (
			);
			inputFileListPaths = (
				"${PODS_ROOT}/Target Support Files/Pods-Pregnancy risk checker/Pods-Pregnancy risk checker-frameworks-${CONFIGURATION}-input-files.xcfilelist",
			);
			name = "[CP] Embed Pods Frameworks";
			outputFileListPaths = (
				"${PODS_ROOT}/Target Support Files/Pods-Pregnancy risk checker/Pods-Pregnancy risk checker-frameworks-${CONFIGURATION}-output-files.xcfilelist",
			);
			runOnlyForDeploymentPostprocessing = 0;
			shellPath = /bin/sh;
			shellScript = "\"${PODS_ROOT}/Target Support Files/Pods-Pregnancy risk checker/Pods-Pregnancy risk checker-frameworks.sh\"\n";
			showEnvVarsInLog = 0;
		};
		82C3E6F214F5860CD09824BE /* [CP] Embed Pods Frameworks */ = {
			isa = PBXShellScriptBuildPhase;
			buildActionMask = 2147483647;
			files = (
			);
			inputFileListPaths = (
				"${PODS_ROOT}/Target Support Files/Pods-Pregnancy risk checker-Pregnancy risk checkerUITests/Pods-Pregnancy risk checker-Pregnancy risk checkerUITests-frameworks-${CONFIGURATION}-input-files.xcfilelist",
			);
			name = "[CP] Embed Pods Frameworks";
			outputFileListPaths = (
				"${PODS_ROOT}/Target Support Files/Pods-Pregnancy risk checker-Pregnancy risk checkerUITests/Pods-Pregnancy risk checker-Pregnancy risk checkerUITests-frameworks-${CONFIGURATION}-output-files.xcfilelist",
			);
			runOnlyForDeploymentPostprocessing = 0;
			shellPath = /bin/sh;
			shellScript = "\"${PODS_ROOT}/Target Support Files/Pods-Pregnancy risk checker-Pregnancy risk checkerUITests/Pods-Pregnancy risk checker-Pregnancy risk checkerUITests-frameworks.sh\"\n";
			showEnvVarsInLog = 0;
		};
		A2E85B1DA6AC5001C4700404 /* [CP] Check Pods Manifest.lock */ = {
			isa = PBXShellScriptBuildPhase;
			buildActionMask = 2147483647;
			files = (
			);
			inputFileListPaths = (
			);
			inputPaths = (
				"${PODS_PODFILE_DIR_PATH}/Podfile.lock",
				"${PODS_ROOT}/Manifest.lock",
			);
			name = "[CP] Check Pods Manifest.lock";
			outputFileListPaths = (
			);
			outputPaths = (
				"$(DERIVED_FILE_DIR)/Pods-Pregnancy risk checkerTests-checkManifestLockResult.txt",
			);
			runOnlyForDeploymentPostprocessing = 0;
			shellPath = /bin/sh;
			shellScript = "diff \"${PODS_PODFILE_DIR_PATH}/Podfile.lock\" \"${PODS_ROOT}/Manifest.lock\" > /dev/null\nif [ $? != 0 ] ; then\n    # print error to STDERR\n    echo \"error: The sandbox is not in sync with the Podfile.lock. Run 'pod install' or update your CocoaPods installation.\" >&2\n    exit 1\nfi\n# This output is used by Xcode 'outputs' to avoid re-running this script phase.\necho \"SUCCESS\" > \"${SCRIPT_OUTPUT_FILE_0}\"\n";
			showEnvVarsInLog = 0;
		};
		B17138151C3D64EE2B9999AC /* [CP] Check Pods Manifest.lock */ = {
			isa = PBXShellScriptBuildPhase;
			buildActionMask = 2147483647;
			files = (
			);
			inputFileListPaths = (
			);
			inputPaths = (
				"${PODS_PODFILE_DIR_PATH}/Podfile.lock",
				"${PODS_ROOT}/Manifest.lock",
			);
			name = "[CP] Check Pods Manifest.lock";
			outputFileListPaths = (
			);
			outputPaths = (
				"$(DERIVED_FILE_DIR)/Pods-Pregnancy risk checker-checkManifestLockResult.txt",
			);
			runOnlyForDeploymentPostprocessing = 0;
			shellPath = /bin/sh;
			shellScript = "diff \"${PODS_PODFILE_DIR_PATH}/Podfile.lock\" \"${PODS_ROOT}/Manifest.lock\" > /dev/null\nif [ $? != 0 ] ; then\n    # print error to STDERR\n    echo \"error: The sandbox is not in sync with the Podfile.lock. Run 'pod install' or update your CocoaPods installation.\" >&2\n    exit 1\nfi\n# This output is used by Xcode 'outputs' to avoid re-running this script phase.\necho \"SUCCESS\" > \"${SCRIPT_OUTPUT_FILE_0}\"\n";
			showEnvVarsInLog = 0;
		};
/* End PBXShellScriptBuildPhase section */

/* Begin PBXSourcesBuildPhase section */
		1827BA5525A4870700D2EE9C /* Sources */ = {
			isa = PBXSourcesBuildPhase;
			buildActionMask = 2147483647;
			files = (
				18833ED525A57A9300390BFE /* AFWrapperClass.swift in Sources */,
				1827BAAF25A4910E00D2EE9C /* ProfileVC.swift in Sources */,
				180686E625A5906E00297E06 /* ImagePicker.swift in Sources */,
				1827BAA425A4908E00D2EE9C /* TabBarVC.swift in Sources */,
				18833EE225A57ADA00390BFE /* AppConstants.swift in Sources */,
				18833ED625A57A9300390BFE /* Constant.swift in Sources */,
				1827BAA625A490AE00D2EE9C /* HomeVC.swift in Sources */,
				18833EE125A57ADA00390BFE /* ValidationManager.swift in Sources */,
				18833ED725A57A9300390BFE /* Reachability.swift in Sources */,
				180686E425A5906E00297E06 /* AppFunctions.swift in Sources */,
				1827BA6125A4870700D2EE9C /* ViewController.swift in Sources */,
				1827BAA825A490BE00D2EE9C /* FeedBackVC.swift in Sources */,
				1827BA5D25A4870700D2EE9C /* AppDelegate.swift in Sources */,
				1827BAA125A4905900D2EE9C /* ForgotPasswordVC.swift in Sources */,
				18833EDD25A57AC600390BFE /* Activityloader.swift in Sources */,
				1827BA9B25A48C8300D2EE9C /* SignInVC.swift in Sources */,
				180686E525A5906E00297E06 /* AppExtensions.swift in Sources */,
				1827BAAC25A490E900D2EE9C /* SettingVC.swift in Sources */,
				1827BAAA25A490CD00D2EE9C /* FundsVC.swift in Sources */,
				1827BA9D25A48C9100D2EE9C /* SignUpVC.swift in Sources */,
				18833EDC25A57AC600390BFE /* HelperMethods.swift in Sources */,
				18833EDB25A57AC600390BFE /* ChangeBottamColor.swift in Sources */,
				18833EE325A57ADA00390BFE /* DisplayAlertManager.swift in Sources */,
				1827BAB125A4911F00D2EE9C /* EditProfileVC.swift in Sources */,
			);
			runOnlyForDeploymentPostprocessing = 0;
		};
		1827BA6B25A4870A00D2EE9C /* Sources */ = {
			isa = PBXSourcesBuildPhase;
			buildActionMask = 2147483647;
			files = (
				1827BA7425A4870A00D2EE9C /* Pregnancy_risk_checkerTests.swift in Sources */,
			);
			runOnlyForDeploymentPostprocessing = 0;
		};
		1827BA7625A4870A00D2EE9C /* Sources */ = {
			isa = PBXSourcesBuildPhase;
			buildActionMask = 2147483647;
			files = (
				1827BA7F25A4870A00D2EE9C /* Pregnancy_risk_checkerUITests.swift in Sources */,
			);
			runOnlyForDeploymentPostprocessing = 0;
		};
/* End PBXSourcesBuildPhase section */

/* Begin PBXTargetDependency section */
		1827BA7125A4870A00D2EE9C /* PBXTargetDependency */ = {
			isa = PBXTargetDependency;
			target = 1827BA5825A4870700D2EE9C /* Pregnancy risk checker */;
			targetProxy = 1827BA7025A4870A00D2EE9C /* PBXContainerItemProxy */;
		};
		1827BA7C25A4870A00D2EE9C /* PBXTargetDependency */ = {
			isa = PBXTargetDependency;
			target = 1827BA5825A4870700D2EE9C /* Pregnancy risk checker */;
			targetProxy = 1827BA7B25A4870A00D2EE9C /* PBXContainerItemProxy */;
		};
/* End PBXTargetDependency section */

/* Begin PBXVariantGroup section */
		1827BA6225A4870700D2EE9C /* Main.storyboard */ = {
			isa = PBXVariantGroup;
			children = (
				1827BA6325A4870700D2EE9C /* Base */,
			);
			name = Main.storyboard;
			sourceTree = "<group>";
		};
		1827BA6725A4870A00D2EE9C /* LaunchScreen.storyboard */ = {
			isa = PBXVariantGroup;
			children = (
				1827BA6825A4870A00D2EE9C /* Base */,
			);
			name = LaunchScreen.storyboard;
			sourceTree = "<group>";
		};
/* End PBXVariantGroup section */

/* Begin XCBuildConfiguration section */
		1827BA8125A4870B00D2EE9C /* Debug */ = {
			isa = XCBuildConfiguration;
			buildSettings = {
				ALWAYS_SEARCH_USER_PATHS = NO;
				CLANG_ANALYZER_NONNULL = YES;
				CLANG_ANALYZER_NUMBER_OBJECT_CONVERSION = YES_AGGRESSIVE;
				CLANG_CXX_LANGUAGE_STANDARD = "gnu++14";
				CLANG_CXX_LIBRARY = "libc++";
				CLANG_ENABLE_MODULES = YES;
				CLANG_ENABLE_OBJC_ARC = YES;
				CLANG_ENABLE_OBJC_WEAK = YES;
				CLANG_WARN_BLOCK_CAPTURE_AUTORELEASING = YES;
				CLANG_WARN_BOOL_CONVERSION = YES;
				CLANG_WARN_COMMA = YES;
				CLANG_WARN_CONSTANT_CONVERSION = YES;
				CLANG_WARN_DEPRECATED_OBJC_IMPLEMENTATIONS = YES;
				CLANG_WARN_DIRECT_OBJC_ISA_USAGE = YES_ERROR;
				CLANG_WARN_DOCUMENTATION_COMMENTS = YES;
				CLANG_WARN_EMPTY_BODY = YES;
				CLANG_WARN_ENUM_CONVERSION = YES;
				CLANG_WARN_INFINITE_RECURSION = YES;
				CLANG_WARN_INT_CONVERSION = YES;
				CLANG_WARN_NON_LITERAL_NULL_CONVERSION = YES;
				CLANG_WARN_OBJC_IMPLICIT_RETAIN_SELF = YES;
				CLANG_WARN_OBJC_LITERAL_CONVERSION = YES;
				CLANG_WARN_OBJC_ROOT_CLASS = YES_ERROR;
				CLANG_WARN_RANGE_LOOP_ANALYSIS = YES;
				CLANG_WARN_STRICT_PROTOTYPES = YES;
				CLANG_WARN_SUSPICIOUS_MOVE = YES;
				CLANG_WARN_UNGUARDED_AVAILABILITY = YES_AGGRESSIVE;
				CLANG_WARN_UNREACHABLE_CODE = YES;
				CLANG_WARN__DUPLICATE_METHOD_MATCH = YES;
				COPY_PHASE_STRIP = NO;
				DEBUG_INFORMATION_FORMAT = dwarf;
				ENABLE_STRICT_OBJC_MSGSEND = YES;
				ENABLE_TESTABILITY = YES;
				GCC_C_LANGUAGE_STANDARD = gnu11;
				GCC_DYNAMIC_NO_PIC = NO;
				GCC_NO_COMMON_BLOCKS = YES;
				GCC_OPTIMIZATION_LEVEL = 0;
				GCC_PREPROCESSOR_DEFINITIONS = (
					"DEBUG=1",
					"$(inherited)",
				);
				GCC_WARN_64_TO_32_BIT_CONVERSION = YES;
				GCC_WARN_ABOUT_RETURN_TYPE = YES_ERROR;
				GCC_WARN_UNDECLARED_SELECTOR = YES;
				GCC_WARN_UNINITIALIZED_AUTOS = YES_AGGRESSIVE;
				GCC_WARN_UNUSED_FUNCTION = YES;
				GCC_WARN_UNUSED_VARIABLE = YES;
				IPHONEOS_DEPLOYMENT_TARGET = 13.5;
				MTL_ENABLE_DEBUG_INFO = INCLUDE_SOURCE;
				MTL_FAST_MATH = YES;
				ONLY_ACTIVE_ARCH = YES;
				SDKROOT = iphoneos;
				SWIFT_ACTIVE_COMPILATION_CONDITIONS = DEBUG;
				SWIFT_OPTIMIZATION_LEVEL = "-Onone";
			};
			name = Debug;
		};
		1827BA8225A4870B00D2EE9C /* Release */ = {
			isa = XCBuildConfiguration;
			buildSettings = {
				ALWAYS_SEARCH_USER_PATHS = NO;
				CLANG_ANALYZER_NONNULL = YES;
				CLANG_ANALYZER_NUMBER_OBJECT_CONVERSION = YES_AGGRESSIVE;
				CLANG_CXX_LANGUAGE_STANDARD = "gnu++14";
				CLANG_CXX_LIBRARY = "libc++";
				CLANG_ENABLE_MODULES = YES;
				CLANG_ENABLE_OBJC_ARC = YES;
				CLANG_ENABLE_OBJC_WEAK = YES;
				CLANG_WARN_BLOCK_CAPTURE_AUTORELEASING = YES;
				CLANG_WARN_BOOL_CONVERSION = YES;
				CLANG_WARN_COMMA = YES;
				CLANG_WARN_CONSTANT_CONVERSION = YES;
				CLANG_WARN_DEPRECATED_OBJC_IMPLEMENTATIONS = YES;
				CLANG_WARN_DIRECT_OBJC_ISA_USAGE = YES_ERROR;
				CLANG_WARN_DOCUMENTATION_COMMENTS = YES;
				CLANG_WARN_EMPTY_BODY = YES;
				CLANG_WARN_ENUM_CONVERSION = YES;
				CLANG_WARN_INFINITE_RECURSION = YES;
				CLANG_WARN_INT_CONVERSION = YES;
				CLANG_WARN_NON_LITERAL_NULL_CONVERSION = YES;
				CLANG_WARN_OBJC_IMPLICIT_RETAIN_SELF = YES;
				CLANG_WARN_OBJC_LITERAL_CONVERSION = YES;
				CLANG_WARN_OBJC_ROOT_CLASS = YES_ERROR;
				CLANG_WARN_RANGE_LOOP_ANALYSIS = YES;
				CLANG_WARN_STRICT_PROTOTYPES = YES;
				CLANG_WARN_SUSPICIOUS_MOVE = YES;
				CLANG_WARN_UNGUARDED_AVAILABILITY = YES_AGGRESSIVE;
				CLANG_WARN_UNREACHABLE_CODE = YES;
				CLANG_WARN__DUPLICATE_METHOD_MATCH = YES;
				COPY_PHASE_STRIP = NO;
				DEBUG_INFORMATION_FORMAT = "dwarf-with-dsym";
				ENABLE_NS_ASSERTIONS = NO;
				ENABLE_STRICT_OBJC_MSGSEND = YES;
				GCC_C_LANGUAGE_STANDARD = gnu11;
				GCC_NO_COMMON_BLOCKS = YES;
				GCC_WARN_64_TO_32_BIT_CONVERSION = YES;
				GCC_WARN_ABOUT_RETURN_TYPE = YES_ERROR;
				GCC_WARN_UNDECLARED_SELECTOR = YES;
				GCC_WARN_UNINITIALIZED_AUTOS = YES_AGGRESSIVE;
				GCC_WARN_UNUSED_FUNCTION = YES;
				GCC_WARN_UNUSED_VARIABLE = YES;
				IPHONEOS_DEPLOYMENT_TARGET = 13.5;
				MTL_ENABLE_DEBUG_INFO = NO;
				MTL_FAST_MATH = YES;
				SDKROOT = iphoneos;
				SWIFT_COMPILATION_MODE = wholemodule;
				SWIFT_OPTIMIZATION_LEVEL = "-O";
				VALIDATE_PRODUCT = YES;
			};
			name = Release;
		};
		1827BA8425A4870B00D2EE9C /* Debug */ = {
			isa = XCBuildConfiguration;
			baseConfigurationReference = A9360D842FFE7062D15A2B8D /* Pods-Pregnancy risk checker.debug.xcconfig */;
			buildSettings = {
				ASSETCATALOG_COMPILER_APPICON_NAME = AppIcon;
				CODE_SIGN_STYLE = Automatic;
				INFOPLIST_FILE = "Pregnancy risk checker/Info.plist";
				IPHONEOS_DEPLOYMENT_TARGET = 12.0;
				LD_RUNPATH_SEARCH_PATHS = (
					"$(inherited)",
					"@executable_path/Frameworks",
				);
				PRODUCT_BUNDLE_IDENTIFIER = "dharmaniApps.Pregnancy-risk-checker";
				PRODUCT_NAME = "$(TARGET_NAME)";
				SWIFT_VERSION = 5.0;
				TARGETED_DEVICE_FAMILY = 1;
			};
			name = Debug;
		};
		1827BA8525A4870B00D2EE9C /* Release */ = {
			isa = XCBuildConfiguration;
			baseConfigurationReference = CE6761C180E842A0B74EFE9F /* Pods-Pregnancy risk checker.release.xcconfig */;
			buildSettings = {
				ASSETCATALOG_COMPILER_APPICON_NAME = AppIcon;
				CODE_SIGN_STYLE = Automatic;
				INFOPLIST_FILE = "Pregnancy risk checker/Info.plist";
				IPHONEOS_DEPLOYMENT_TARGET = 12.0;
				LD_RUNPATH_SEARCH_PATHS = (
					"$(inherited)",
					"@executable_path/Frameworks",
				);
				PRODUCT_BUNDLE_IDENTIFIER = "dharmaniApps.Pregnancy-risk-checker";
				PRODUCT_NAME = "$(TARGET_NAME)";
				SWIFT_VERSION = 5.0;
				TARGETED_DEVICE_FAMILY = 1;
			};
			name = Release;
		};
		1827BA8725A4870B00D2EE9C /* Debug */ = {
			isa = XCBuildConfiguration;
			baseConfigurationReference = 3C44850C55A4B0B6A5986B28 /* Pods-Pregnancy risk checkerTests.debug.xcconfig */;
			buildSettings = {
				ALWAYS_EMBED_SWIFT_STANDARD_LIBRARIES = YES;
				BUNDLE_LOADER = "$(TEST_HOST)";
				CODE_SIGN_STYLE = Automatic;
				INFOPLIST_FILE = "Pregnancy risk checkerTests/Info.plist";
				IPHONEOS_DEPLOYMENT_TARGET = 13.5;
				LD_RUNPATH_SEARCH_PATHS = (
					"$(inherited)",
					"@executable_path/Frameworks",
					"@loader_path/Frameworks",
				);
				PRODUCT_BUNDLE_IDENTIFIER = "dharmaniApps.Pregnancy-risk-checkerTests";
				PRODUCT_NAME = "$(TARGET_NAME)";
				SWIFT_VERSION = 5.0;
				TARGETED_DEVICE_FAMILY = "1,2";
				TEST_HOST = "$(BUILT_PRODUCTS_DIR)/Pregnancy risk checker.app/Pregnancy risk checker";
			};
			name = Debug;
		};
		1827BA8825A4870B00D2EE9C /* Release */ = {
			isa = XCBuildConfiguration;
			baseConfigurationReference = ACC835DA3C9763435F29B89A /* Pods-Pregnancy risk checkerTests.release.xcconfig */;
			buildSettings = {
				ALWAYS_EMBED_SWIFT_STANDARD_LIBRARIES = YES;
				BUNDLE_LOADER = "$(TEST_HOST)";
				CODE_SIGN_STYLE = Automatic;
				INFOPLIST_FILE = "Pregnancy risk checkerTests/Info.plist";
				IPHONEOS_DEPLOYMENT_TARGET = 13.5;
				LD_RUNPATH_SEARCH_PATHS = (
					"$(inherited)",
					"@executable_path/Frameworks",
					"@loader_path/Frameworks",
				);
				PRODUCT_BUNDLE_IDENTIFIER = "dharmaniApps.Pregnancy-risk-checkerTests";
				PRODUCT_NAME = "$(TARGET_NAME)";
				SWIFT_VERSION = 5.0;
				TARGETED_DEVICE_FAMILY = "1,2";
				TEST_HOST = "$(BUILT_PRODUCTS_DIR)/Pregnancy risk checker.app/Pregnancy risk checker";
			};
			name = Release;
		};
		1827BA8A25A4870B00D2EE9C /* Debug */ = {
			isa = XCBuildConfiguration;
			baseConfigurationReference = 9DE452B3230D29B2DC3073F8 /* Pods-Pregnancy risk checker-Pregnancy risk checkerUITests.debug.xcconfig */;
			buildSettings = {
				ALWAYS_EMBED_SWIFT_STANDARD_LIBRARIES = YES;
				CODE_SIGN_STYLE = Automatic;
				INFOPLIST_FILE = "Pregnancy risk checkerUITests/Info.plist";
				LD_RUNPATH_SEARCH_PATHS = (
					"$(inherited)",
					"@executable_path/Frameworks",
					"@loader_path/Frameworks",
				);
				PRODUCT_BUNDLE_IDENTIFIER = "dharmaniApps.Pregnancy-risk-checkerUITests";
				PRODUCT_NAME = "$(TARGET_NAME)";
				SWIFT_VERSION = 5.0;
				TARGETED_DEVICE_FAMILY = "1,2";
				TEST_TARGET_NAME = "Pregnancy risk checker";
			};
			name = Debug;
		};
		1827BA8B25A4870B00D2EE9C /* Release */ = {
			isa = XCBuildConfiguration;
			baseConfigurationReference = 1B4FCD98864F22E088068B5C /* Pods-Pregnancy risk checker-Pregnancy risk checkerUITests.release.xcconfig */;
			buildSettings = {
				ALWAYS_EMBED_SWIFT_STANDARD_LIBRARIES = YES;
				CODE_SIGN_STYLE = Automatic;
				INFOPLIST_FILE = "Pregnancy risk checkerUITests/Info.plist";
				LD_RUNPATH_SEARCH_PATHS = (
					"$(inherited)",
					"@executable_path/Frameworks",
					"@loader_path/Frameworks",
				);
				PRODUCT_BUNDLE_IDENTIFIER = "dharmaniApps.Pregnancy-risk-checkerUITests";
				PRODUCT_NAME = "$(TARGET_NAME)";
				SWIFT_VERSION = 5.0;
				TARGETED_DEVICE_FAMILY = "1,2";
				TEST_TARGET_NAME = "Pregnancy risk checker";
			};
			name = Release;
		};
/* End XCBuildConfiguration section */

/* Begin XCConfigurationList section */
		1827BA5425A4870700D2EE9C /* Build configuration list for PBXProject "Pregnancy risk checker" */ = {
			isa = XCConfigurationList;
			buildConfigurations = (
				1827BA8125A4870B00D2EE9C /* Debug */,
				1827BA8225A4870B00D2EE9C /* Release */,
			);
			defaultConfigurationIsVisible = 0;
			defaultConfigurationName = Release;
		};
		1827BA8325A4870B00D2EE9C /* Build configuration list for PBXNativeTarget "Pregnancy risk checker" */ = {
			isa = XCConfigurationList;
			buildConfigurations = (
				1827BA8425A4870B00D2EE9C /* Debug */,
				1827BA8525A4870B00D2EE9C /* Release */,
			);
			defaultConfigurationIsVisible = 0;
			defaultConfigurationName = Release;
		};
		1827BA8625A4870B00D2EE9C /* Build configuration list for PBXNativeTarget "Pregnancy risk checkerTests" */ = {
			isa = XCConfigurationList;
			buildConfigurations = (
				1827BA8725A4870B00D2EE9C /* Debug */,
				1827BA8825A4870B00D2EE9C /* Release */,
			);
			defaultConfigurationIsVisible = 0;
			defaultConfigurationName = Release;
		};
		1827BA8925A4870B00D2EE9C /* Build configuration list for PBXNativeTarget "Pregnancy risk checkerUITests" */ = {
			isa = XCConfigurationList;
			buildConfigurations = (
				1827BA8A25A4870B00D2EE9C /* Debug */,
				1827BA8B25A4870B00D2EE9C /* Release */,
			);
			defaultConfigurationIsVisible = 0;
			defaultConfigurationName = Release;
		};
/* End XCConfigurationList section */
	};
	rootObject = 1827BA5125A4870700D2EE9C /* Project object */;
}
